
Microsoft Visual Studio Solution File, Format Version 12.00
# Visual Studio Version 17
VisualStudioVersion = 17.0.32014.148
MinimumVisualStudioVersion = 10.0.40219.1
Project("{2150E333-8FDC-42A3-9474-1A3956D46DE8}") = "01.Domain", "01.Domain", "{41712C2D-DB2C-4FBC-8DA3-13600462CFE9}"
EndProject
Project("{2150E333-8FDC-42A3-9474-1A3956D46DE8}") = "02.Infrastracture", "02.Infrastracture", "{FC6DD8C2-2291-4876-99AF-A526E87D8CA4}"
EndProject
Project("{2150E333-8FDC-42A3-9474-1A3956D46DE8}") = "03.Endpoint", "03.Endpoint", "{F338C632-2A46-4CB8-88DD-E0CB860A884F}"
EndProject
Project("{9A19103F-16F7-4668-BE54-9A1E7A4F7556}") = "LibraryManagment.Domain.Core", "01.Domain\LibraryManagment.Domain.Core\LibraryManagment.Domain.Core.csproj", "{DFD5DF71-2E49-4B74-8165-6E93D2250004}"
EndProject
Project("{9A19103F-16F7-4668-BE54-9A1E7A4F7556}") = "LibraryManagment.EndPoint.UI", "03.EndPoint\LibraryManagment.EndPoint.UI\LibraryManagment.EndPoint.UI.csproj", "{B76F8617-6323-404A-B74C-CF6E42D2862B}"
EndProject
Global
	GlobalSection(SolutionConfigurationPlatforms) = preSolution
		Debug|Any CPU = Debug|Any CPU
		Release|Any CPU = Release|Any CPU
	EndGlobalSection
	GlobalSection(ProjectConfigurationPlatforms) = postSolution
		{DFD5DF71-2E49-4B74-8165-6E93D2250004}.Debug|Any CPU.ActiveCfg = Debug|Any CPU
		{DFD5DF71-2E49-4B74-8165-6E93D2250004}.Debug|Any CPU.Build.0 = Debug|Any CPU
		{DFD5DF71-2E49-4B74-8165-6E93D2250004}.Release|Any CPU.ActiveCfg = Release|Any CPU
		{DFD5DF71-2E49-4B74-8165-6E93D2250004}.Release|Any CPU.Build.0 = Release|Any CPU
		{B76F8617-6323-404A-B74C-CF6E42D2862B}.Debug|Any CPU.ActiveCfg = Debug|Any CPU
		{B76F8617-6323-404A-B74C-CF6E42D2862B}.Debug|Any CPU.Build.0 = Debug|Any CPU
		{B76F8617-6323-404A-B74C-CF6E42D2862B}.Release|Any CPU.ActiveCfg = Release|Any CPU
		{B76F8617-6323-404A-B74C-CF6E42D2862B}.Release|Any CPU.Build.0 = Release|Any CPU
	EndGlobalSection
	GlobalSection(SolutionProperties) = preSolution
		HideSolutionNode = FALSE
	EndGlobalSection
	GlobalSection(NestedProjects) = preSolution
		{DFD5DF71-2E49-4B74-8165-6E93D2250004} = {41712C2D-DB2C-4FBC-8DA3-13600462CFE9}
		{B76F8617-6323-404A-B74C-CF6E42D2862B} = {F338C632-2A46-4CB8-88DD-E0CB860A884F}
	EndGlobalSection
	GlobalSection(ExtensibilityGlobals) = postSolution
		SolutionGuid = {332932B6-B656-406E-8B87-783B4ACBBD66}
	EndGlobalSection
EndGlobal
